
Microsoft Visual Studio Solution File, Format Version 12.00
# Visual Studio 15
VisualStudioVersion = 15.0.27703.2042
MinimumVisualStudioVersion = 10.0.40219.1
Project("{FAE04EC0-301F-11D3-BF4B-00C04F79EFBC}") = "DataAccessLayer", "DataAccessLayer\DataAccessLayer.csproj", "{3F17D40B-C809-4455-93CE-4E004D6116C5}"
EndProject
Global
	GlobalSection(SolutionConfigurationPlatforms) = preSolution
		Debug|Any CPU = Debug|Any CPU
		Release|Any CPU = Release|Any CPU
	EndGlobalSection
	GlobalSection(ProjectConfigurationPlatforms) = postSolution
		{3F17D40B-C809-4455-93CE-4E004D6116C5}.Debug|Any CPU.ActiveCfg = Debug|Any CPU
		{3F17D40B-C809-4455-93CE-4E004D6116C5}.Debug|Any CPU.Build.0 = Debug|Any CPU
		{3F17D40B-C809-4455-93CE-4E004D6116C5}.Release|Any CPU.ActiveCfg = Release|Any CPU
		{3F17D40B-C809-4455-93CE-4E004D6116C5}.Release|Any CPU.Build.0 = Release|Any CPU
	EndGlobalSection
	GlobalSection(SolutionProperties) = preSolution
		HideSolutionNode = FALSE
	EndGlobalSection
	GlobalSection(ExtensibilityGlobals) = postSolution
		SolutionGuid = {926A1687-850E-4AB7-A925-85E6C44DDA5B}
	EndGlobalSection
EndGlobal
